// !$*UTF8*$!
{
	archiveVersion = 1;
	classes = {
	};
	objectVersion = 46;
	objects = {

/* Begin PBXBuildFile section */
		F100667B18EF1E4900F9EF2C /* TokenCell.m in Sources */ = {isa = PBXBuildFile; fileRef = F100667A18EF1E4900F9EF2C /* TokenCell.m */; };
		F1030ED21818322000E478F7 /* CircleProgressView.m in Sources */ = {isa = PBXBuildFile; fileRef = F1030ED11818322000E478F7 /* CircleProgressView.m */; };
		F109DBEA18412A2300548A3E /* QRCodeScanViewController.m in Sources */ = {isa = PBXBuildFile; fileRef = F109DBE918412A2300548A3E /* QRCodeScanViewController.m */; };
		F109DBEF1841562600548A3E /* TokenStore.m in Sources */ = {isa = PBXBuildFile; fileRef = F109DBEE1841562600548A3E /* TokenStore.m */; };
		F11EB05519117F77005FD565 /* TokenImagePickerController.m in Sources */ = {isa = PBXBuildFile; fileRef = F11EB05419117F77005FD565 /* TokenImagePickerController.m */; };
		F15300431801BB8800A0E179 /* base32.c in Sources */ = {isa = PBXBuildFile; fileRef = F15300401801B9DF00A0E179 /* base32.c */; };
		F15300461801BCD900A0E179 /* Token.m in Sources */ = {isa = PBXBuildFile; fileRef = F15300451801BCD900A0E179 /* Token.m */; };
		F1673F1818EB40EC00ECD2DB /* RenameTokenViewController.m in Sources */ = {isa = PBXBuildFile; fileRef = F1673F1718EB40EC00ECD2DB /* RenameTokenViewController.m */; };
		F1673F1A18EC51C900ECD2DB /* Main.storyboard in Resources */ = {isa = PBXBuildFile; fileRef = F1673F1918EC51C900ECD2DB /* Main.storyboard */; };
		F17A860117EC12670098E7F3 /* Foundation.framework in Frameworks */ = {isa = PBXBuildFile; fileRef = F17A860017EC12670098E7F3 /* Foundation.framework */; };
		F17A860317EC12670098E7F3 /* CoreGraphics.framework in Frameworks */ = {isa = PBXBuildFile; fileRef = F17A860217EC12670098E7F3 /* CoreGraphics.framework */; };
		F17A860517EC12670098E7F3 /* UIKit.framework in Frameworks */ = {isa = PBXBuildFile; fileRef = F17A860417EC12670098E7F3 /* UIKit.framework */; };
		F17A860B17EC12670098E7F3 /* InfoPlist.strings in Resources */ = {isa = PBXBuildFile; fileRef = F17A860917EC12670098E7F3 /* InfoPlist.strings */; };
		F17A860D17EC12670098E7F3 /* main.m in Sources */ = {isa = PBXBuildFile; fileRef = F17A860C17EC12670098E7F3 /* main.m */; };
		F17A861117EC12670098E7F3 /* AppDelegate.m in Sources */ = {isa = PBXBuildFile; fileRef = F17A861017EC12670098E7F3 /* AppDelegate.m */; };
		F17A861C17EC12670098E7F3 /* Images.xcassets in Resources */ = {isa = PBXBuildFile; fileRef = F17A861B17EC12670098E7F3 /* Images.xcassets */; };
		F17A862317EC12670098E7F3 /* XCTest.framework in Frameworks */ = {isa = PBXBuildFile; fileRef = F17A862217EC12670098E7F3 /* XCTest.framework */; };
		F17A862417EC12670098E7F3 /* Foundation.framework in Frameworks */ = {isa = PBXBuildFile; fileRef = F17A860017EC12670098E7F3 /* Foundation.framework */; };
		F17A862517EC12670098E7F3 /* UIKit.framework in Frameworks */ = {isa = PBXBuildFile; fileRef = F17A860417EC12670098E7F3 /* UIKit.framework */; };
		F18A62CD1808A64F00345419 /* AddTokenViewController.m in Sources */ = {isa = PBXBuildFile; fileRef = F18A62CC1808A64F00345419 /* AddTokenViewController.m */; };
		F18E16F218F2603800722FE7 /* qrcode.png in Resources */ = {isa = PBXBuildFile; fileRef = F18E16F118F2603800722FE7 /* qrcode.png */; };
		F18E16F818F3D1F100722FE7 /* CollectionViewController.m in Sources */ = {isa = PBXBuildFile; fileRef = F18E16F718F3D1F100722FE7 /* CollectionViewController.m */; };
		F18E16FC18F47D3E00722FE7 /* BlockActionSheet.m in Sources */ = {isa = PBXBuildFile; fileRef = F18E16FB18F47D3E00722FE7 /* BlockActionSheet.m */; };
		F18E170D18F4AB3000722FE7 /* token.png in Resources */ = {isa = PBXBuildFile; fileRef = F18E170618F4AB3000722FE7 /* token.png */; };
		F1AD9C6B190FF5500023501C /* default.png in Resources */ = {isa = PBXBuildFile; fileRef = F1AD9C6A190FF5500023501C /* default.png */; };
		F1AD9C6E191052B10023501C /* URLImageView.m in Sources */ = {isa = PBXBuildFile; fileRef = F1AD9C6D191052B10023501C /* URLImageView.m */; };
		F1AD9C70191053780023501C /* AssetsLibrary.framework in Frameworks */ = {isa = PBXBuildFile; fileRef = F1AD9C6F191053780023501C /* AssetsLibrary.framework */; };
		F1E5CDE91815CB06009BE32F /* iTunesArtwork@2x in Resources */ = {isa = PBXBuildFile; fileRef = F1E5CDE81815CB06009BE32F /* iTunesArtwork@2x */; };
		F1E7BF8918E9C85400C2DC82 /* TokenCode.m in Sources */ = {isa = PBXBuildFile; fileRef = F1E7BF8818E9C85400C2DC82 /* TokenCode.m */; };
/* End PBXBuildFile section */

/* Begin PBXContainerItemProxy section */
		F17A862617EC12670098E7F3 /* PBXContainerItemProxy */ = {
			isa = PBXContainerItemProxy;
			containerPortal = F17A85F517EC12670098E7F3 /* Project object */;
			proxyType = 1;
			remoteGlobalIDString = F17A85FC17EC12670098E7F3;
			remoteInfo = FreeOTP;
		};
/* End PBXContainerItemProxy section */

/* Begin PBXFileReference section */
		F100667918EF1E4900F9EF2C /* TokenCell.h */ = {isa = PBXFileReference; fileEncoding = 4; lastKnownFileType = sourcecode.c.h; path = TokenCell.h; sourceTree = "<group>"; };
		F100667A18EF1E4900F9EF2C /* TokenCell.m */ = {isa = PBXFileReference; fileEncoding = 4; lastKnownFileType = sourcecode.c.objc; path = TokenCell.m; sourceTree = "<group>"; };
		F1030ED01818322000E478F7 /* CircleProgressView.h */ = {isa = PBXFileReference; fileEncoding = 4; lastKnownFileType = sourcecode.c.h; path = CircleProgressView.h; sourceTree = "<group>"; };
		F1030ED11818322000E478F7 /* CircleProgressView.m */ = {isa = PBXFileReference; fileEncoding = 4; lastKnownFileType = sourcecode.c.objc; path = CircleProgressView.m; sourceTree = "<group>"; };
		F109DBE818412A2300548A3E /* QRCodeScanViewController.h */ = {isa = PBXFileReference; fileEncoding = 4; lastKnownFileType = sourcecode.c.h; path = QRCodeScanViewController.h; sourceTree = "<group>"; };
		F109DBE918412A2300548A3E /* QRCodeScanViewController.m */ = {isa = PBXFileReference; fileEncoding = 4; lastKnownFileType = sourcecode.c.objc; path = QRCodeScanViewController.m; sourceTree = "<group>"; };
		F109DBED1841562600548A3E /* TokenStore.h */ = {isa = PBXFileReference; fileEncoding = 4; lastKnownFileType = sourcecode.c.h; path = TokenStore.h; sourceTree = "<group>"; };
		F109DBEE1841562600548A3E /* TokenStore.m */ = {isa = PBXFileReference; fileEncoding = 4; lastKnownFileType = sourcecode.c.objc; path = TokenStore.m; sourceTree = "<group>"; };
		F11EB05319117F77005FD565 /* TokenImagePickerController.h */ = {isa = PBXFileReference; fileEncoding = 4; lastKnownFileType = sourcecode.c.h; path = TokenImagePickerController.h; sourceTree = "<group>"; };
		F11EB05419117F77005FD565 /* TokenImagePickerController.m */ = {isa = PBXFileReference; fileEncoding = 4; lastKnownFileType = sourcecode.c.objc; path = TokenImagePickerController.m; sourceTree = "<group>"; };
		F15300401801B9DF00A0E179 /* base32.c */ = {isa = PBXFileReference; fileEncoding = 4; lastKnownFileType = sourcecode.c.c; path = base32.c; sourceTree = "<group>"; };
		F15300421801BA1D00A0E179 /* base32.h */ = {isa = PBXFileReference; lastKnownFileType = sourcecode.c.h; path = base32.h; sourceTree = "<group>"; };
		F15300441801BCD900A0E179 /* Token.h */ = {isa = PBXFileReference; fileEncoding = 4; lastKnownFileType = sourcecode.c.h; path = Token.h; sourceTree = "<group>"; };
		F15300451801BCD900A0E179 /* Token.m */ = {isa = PBXFileReference; fileEncoding = 4; lastKnownFileType = sourcecode.c.objc; path = Token.m; sourceTree = "<group>"; };
		F1673F1618EB40EC00ECD2DB /* RenameTokenViewController.h */ = {isa = PBXFileReference; fileEncoding = 4; lastKnownFileType = sourcecode.c.h; path = RenameTokenViewController.h; sourceTree = "<group>"; };
		F1673F1718EB40EC00ECD2DB /* RenameTokenViewController.m */ = {isa = PBXFileReference; fileEncoding = 4; lastKnownFileType = sourcecode.c.objc; path = RenameTokenViewController.m; sourceTree = "<group>"; };
		F1673F1918EC51C900ECD2DB /* Main.storyboard */ = {isa = PBXFileReference; fileEncoding = 4; lastKnownFileType = file.storyboard; path = Main.storyboard; sourceTree = "<group>"; };
		F17A85FD17EC12670098E7F3 /* FreeOTP.app */ = {isa = PBXFileReference; explicitFileType = wrapper.application; includeInIndex = 0; path = FreeOTP.app; sourceTree = BUILT_PRODUCTS_DIR; };
		F17A860017EC12670098E7F3 /* Foundation.framework */ = {isa = PBXFileReference; lastKnownFileType = wrapper.framework; name = Foundation.framework; path = System/Library/Frameworks/Foundation.framework; sourceTree = SDKROOT; };
		F17A860217EC12670098E7F3 /* CoreGraphics.framework */ = {isa = PBXFileReference; lastKnownFileType = wrapper.framework; name = CoreGraphics.framework; path = System/Library/Frameworks/CoreGraphics.framework; sourceTree = SDKROOT; };
		F17A860417EC12670098E7F3 /* UIKit.framework */ = {isa = PBXFileReference; lastKnownFileType = wrapper.framework; name = UIKit.framework; path = System/Library/Frameworks/UIKit.framework; sourceTree = SDKROOT; };
		F17A860817EC12670098E7F3 /* FreeOTP-Info.plist */ = {isa = PBXFileReference; lastKnownFileType = text.plist.xml; path = "FreeOTP-Info.plist"; sourceTree = "<group>"; };
		F17A860A17EC12670098E7F3 /* en */ = {isa = PBXFileReference; lastKnownFileType = text.plist.strings; name = en; path = en.lproj/InfoPlist.strings; sourceTree = "<group>"; };
		F17A860C17EC12670098E7F3 /* main.m */ = {isa = PBXFileReference; lastKnownFileType = sourcecode.c.objc; path = main.m; sourceTree = "<group>"; };
		F17A860E17EC12670098E7F3 /* FreeOTP-Prefix.pch */ = {isa = PBXFileReference; lastKnownFileType = sourcecode.c.h; path = "FreeOTP-Prefix.pch"; sourceTree = "<group>"; };
		F17A860F17EC12670098E7F3 /* AppDelegate.h */ = {isa = PBXFileReference; lastKnownFileType = sourcecode.c.h; path = AppDelegate.h; sourceTree = "<group>"; };
		F17A861017EC12670098E7F3 /* AppDelegate.m */ = {isa = PBXFileReference; lastKnownFileType = sourcecode.c.objc; path = AppDelegate.m; sourceTree = "<group>"; };
		F17A861B17EC12670098E7F3 /* Images.xcassets */ = {isa = PBXFileReference; lastKnownFileType = folder.assetcatalog; path = Images.xcassets; sourceTree = "<group>"; };
		F17A862117EC12670098E7F3 /* FreeOTPTests.xctest */ = {isa = PBXFileReference; explicitFileType = wrapper.cfbundle; includeInIndex = 0; path = FreeOTPTests.xctest; sourceTree = BUILT_PRODUCTS_DIR; };
		F17A862217EC12670098E7F3 /* XCTest.framework */ = {isa = PBXFileReference; lastKnownFileType = wrapper.framework; name = XCTest.framework; path = Library/Frameworks/XCTest.framework; sourceTree = DEVELOPER_DIR; };
		F18A62CB1808A64F00345419 /* AddTokenViewController.h */ = {isa = PBXFileReference; fileEncoding = 4; lastKnownFileType = sourcecode.c.h; path = AddTokenViewController.h; sourceTree = "<group>"; };
		F18A62CC1808A64F00345419 /* AddTokenViewController.m */ = {isa = PBXFileReference; fileEncoding = 4; lastKnownFileType = sourcecode.c.objc; path = AddTokenViewController.m; sourceTree = "<group>"; };
		F18E16F118F2603800722FE7 /* qrcode.png */ = {isa = PBXFileReference; lastKnownFileType = image.png; path = qrcode.png; sourceTree = "<group>"; };
		F18E16F618F3D1F100722FE7 /* CollectionViewController.h */ = {isa = PBXFileReference; fileEncoding = 4; lastKnownFileType = sourcecode.c.h; path = CollectionViewController.h; sourceTree = "<group>"; };
		F18E16F718F3D1F100722FE7 /* CollectionViewController.m */ = {isa = PBXFileReference; fileEncoding = 4; lastKnownFileType = sourcecode.c.objc; path = CollectionViewController.m; sourceTree = "<group>"; };
		F18E16FA18F47D3E00722FE7 /* BlockActionSheet.h */ = {isa = PBXFileReference; fileEncoding = 4; lastKnownFileType = sourcecode.c.h; path = BlockActionSheet.h; sourceTree = "<group>"; };
		F18E16FB18F47D3E00722FE7 /* BlockActionSheet.m */ = {isa = PBXFileReference; fileEncoding = 4; lastKnownFileType = sourcecode.c.objc; path = BlockActionSheet.m; sourceTree = "<group>"; };
		F18E170618F4AB3000722FE7 /* token.png */ = {isa = PBXFileReference; lastKnownFileType = image.png; path = token.png; sourceTree = "<group>"; };
		F1AD9C6A190FF5500023501C /* default.png */ = {isa = PBXFileReference; lastKnownFileType = image.png; path = default.png; sourceTree = "<group>"; };
		F1AD9C6C191052B10023501C /* URLImageView.h */ = {isa = PBXFileReference; fileEncoding = 4; lastKnownFileType = sourcecode.c.h; path = URLImageView.h; sourceTree = "<group>"; };
		F1AD9C6D191052B10023501C /* URLImageView.m */ = {isa = PBXFileReference; fileEncoding = 4; lastKnownFileType = sourcecode.c.objc; path = URLImageView.m; sourceTree = "<group>"; };
		F1AD9C6F191053780023501C /* AssetsLibrary.framework */ = {isa = PBXFileReference; lastKnownFileType = wrapper.framework; name = AssetsLibrary.framework; path = System/Library/Frameworks/AssetsLibrary.framework; sourceTree = SDKROOT; };
		F1E5CDE81815CB06009BE32F /* iTunesArtwork@2x */ = {isa = PBXFileReference; lastKnownFileType = file; name = "iTunesArtwork@2x"; path = "FreeOTP/iTunesArtwork@2x"; sourceTree = "<group>"; };
		F1E7BF8718E9C85400C2DC82 /* TokenCode.h */ = {isa = PBXFileReference; fileEncoding = 4; lastKnownFileType = sourcecode.c.h; path = TokenCode.h; sourceTree = "<group>"; };
		F1E7BF8818E9C85400C2DC82 /* TokenCode.m */ = {isa = PBXFileReference; fileEncoding = 4; lastKnownFileType = sourcecode.c.objc; path = TokenCode.m; sourceTree = "<group>"; };
/* End PBXFileReference section */

/* Begin PBXFrameworksBuildPhase section */
		F17A85FA17EC12670098E7F3 /* Frameworks */ = {
			isa = PBXFrameworksBuildPhase;
			buildActionMask = 2147483647;
			files = (
				F1AD9C70191053780023501C /* AssetsLibrary.framework in Frameworks */,
				F17A860317EC12670098E7F3 /* CoreGraphics.framework in Frameworks */,
				F17A860517EC12670098E7F3 /* UIKit.framework in Frameworks */,
				F17A860117EC12670098E7F3 /* Foundation.framework in Frameworks */,
			);
			runOnlyForDeploymentPostprocessing = 0;
		};
		F17A861E17EC12670098E7F3 /* Frameworks */ = {
			isa = PBXFrameworksBuildPhase;
			buildActionMask = 2147483647;
			files = (
				F17A862317EC12670098E7F3 /* XCTest.framework in Frameworks */,
				F17A862517EC12670098E7F3 /* UIKit.framework in Frameworks */,
				F17A862417EC12670098E7F3 /* Foundation.framework in Frameworks */,
			);
			runOnlyForDeploymentPostprocessing = 0;
		};
/* End PBXFrameworksBuildPhase section */

/* Begin PBXGroup section */
		F17A85F417EC12670098E7F3 = {
			isa = PBXGroup;
			children = (
				F1E5CDE81815CB06009BE32F /* iTunesArtwork@2x */,
				F17A860617EC12670098E7F3 /* FreeOTP */,
				F17A85FF17EC12670098E7F3 /* Frameworks */,
				F17A85FE17EC12670098E7F3 /* Products */,
			);
			sourceTree = "<group>";
		};
		F17A85FE17EC12670098E7F3 /* Products */ = {
			isa = PBXGroup;
			children = (
				F17A85FD17EC12670098E7F3 /* FreeOTP.app */,
				F17A862117EC12670098E7F3 /* FreeOTPTests.xctest */,
			);
			name = Products;
			sourceTree = "<group>";
		};
		F17A85FF17EC12670098E7F3 /* Frameworks */ = {
			isa = PBXGroup;
			children = (
				F1AD9C6F191053780023501C /* AssetsLibrary.framework */,
				F17A860017EC12670098E7F3 /* Foundation.framework */,
				F17A860217EC12670098E7F3 /* CoreGraphics.framework */,
				F17A860417EC12670098E7F3 /* UIKit.framework */,
				F17A862217EC12670098E7F3 /* XCTest.framework */,
			);
			name = Frameworks;
			sourceTree = "<group>";
		};
		F17A860617EC12670098E7F3 /* FreeOTP */ = {
			isa = PBXGroup;
			children = (
				F1AD9C6A190FF5500023501C /* default.png */,
				F18E170618F4AB3000722FE7 /* token.png */,
				F18E16F118F2603800722FE7 /* qrcode.png */,
				F1673F1918EC51C900ECD2DB /* Main.storyboard */,
				F18A62CB1808A64F00345419 /* AddTokenViewController.h */,
				F18A62CC1808A64F00345419 /* AddTokenViewController.m */,
				F17A860F17EC12670098E7F3 /* AppDelegate.h */,
				F17A861017EC12670098E7F3 /* AppDelegate.m */,
				F18E16FA18F47D3E00722FE7 /* BlockActionSheet.h */,
				F18E16FB18F47D3E00722FE7 /* BlockActionSheet.m */,
				F18E16F618F3D1F100722FE7 /* CollectionViewController.h */,
				F18E16F718F3D1F100722FE7 /* CollectionViewController.m */,
				F1030ED01818322000E478F7 /* CircleProgressView.h */,
				F1030ED11818322000E478F7 /* CircleProgressView.m */,
				F100667918EF1E4900F9EF2C /* TokenCell.h */,
				F100667A18EF1E4900F9EF2C /* TokenCell.m */,
				F109DBE818412A2300548A3E /* QRCodeScanViewController.h */,
				F109DBE918412A2300548A3E /* QRCodeScanViewController.m */,
				F1673F1618EB40EC00ECD2DB /* RenameTokenViewController.h */,
				F1673F1718EB40EC00ECD2DB /* RenameTokenViewController.m */,
				F1AD9C6C191052B10023501C /* URLImageView.h */,
				F1AD9C6D191052B10023501C /* URLImageView.m */,
				F15300441801BCD900A0E179 /* Token.h */,
				F15300451801BCD900A0E179 /* Token.m */,
				F1E7BF8718E9C85400C2DC82 /* TokenCode.h */,
				F1E7BF8818E9C85400C2DC82 /* TokenCode.m */,
				F11EB05319117F77005FD565 /* TokenImagePickerController.h */,
				F11EB05419117F77005FD565 /* TokenImagePickerController.m */,
				F109DBED1841562600548A3E /* TokenStore.h */,
				F109DBEE1841562600548A3E /* TokenStore.m */,
				F15300421801BA1D00A0E179 /* base32.h */,
				F15300401801B9DF00A0E179 /* base32.c */,
				F17A861B17EC12670098E7F3 /* Images.xcassets */,
				F17A860717EC12670098E7F3 /* Supporting Files */,
			);
			path = FreeOTP;
			sourceTree = "<group>";
		};
		F17A860717EC12670098E7F3 /* Supporting Files */ = {
			isa = PBXGroup;
			children = (
				F17A860817EC12670098E7F3 /* FreeOTP-Info.plist */,
				F17A860917EC12670098E7F3 /* InfoPlist.strings */,
				F17A860C17EC12670098E7F3 /* main.m */,
				F17A860E17EC12670098E7F3 /* FreeOTP-Prefix.pch */,
			);
			name = "Supporting Files";
			sourceTree = "<group>";
		};
/* End PBXGroup section */

/* Begin PBXNativeTarget section */
		F17A85FC17EC12670098E7F3 /* FreeOTP */ = {
			isa = PBXNativeTarget;
			buildConfigurationList = F17A863217EC12670098E7F3 /* Build configuration list for PBXNativeTarget "FreeOTP" */;
			buildPhases = (
				F17A85F917EC12670098E7F3 /* Sources */,
				F17A85FA17EC12670098E7F3 /* Frameworks */,
				F17A85FB17EC12670098E7F3 /* Resources */,
			);
			buildRules = (
			);
			dependencies = (
			);
			name = FreeOTP;
			productName = FreeOTP;
			productReference = F17A85FD17EC12670098E7F3 /* FreeOTP.app */;
			productType = "com.apple.product-type.application";
		};
		F17A862017EC12670098E7F3 /* FreeOTPTests */ = {
			isa = PBXNativeTarget;
			buildConfigurationList = F17A863517EC12670098E7F3 /* Build configuration list for PBXNativeTarget "FreeOTPTests" */;
			buildPhases = (
				F17A861D17EC12670098E7F3 /* Sources */,
				F17A861E17EC12670098E7F3 /* Frameworks */,
				F17A861F17EC12670098E7F3 /* Resources */,
			);
			buildRules = (
			);
			dependencies = (
				F17A862717EC12670098E7F3 /* PBXTargetDependency */,
			);
			name = FreeOTPTests;
			productName = FreeOTPTests;
			productReference = F17A862117EC12670098E7F3 /* FreeOTPTests.xctest */;
			productType = "com.apple.product-type.bundle.unit-test";
		};
/* End PBXNativeTarget section */

/* Begin PBXProject section */
		F17A85F517EC12670098E7F3 /* Project object */ = {
			isa = PBXProject;
			attributes = {
				LastUpgradeCheck = 0510;
				ORGANIZATIONNAME = "Nathaniel McCallum";
				TargetAttributes = {
					F17A862017EC12670098E7F3 = {
						TestTargetID = F17A85FC17EC12670098E7F3;
					};
				};
			};
			buildConfigurationList = F17A85F817EC12670098E7F3 /* Build configuration list for PBXProject "FreeOTP" */;
			compatibilityVersion = "Xcode 3.2";
			developmentRegion = English;
			hasScannedForEncodings = 0;
			knownRegions = (
				en,
				Base,
			);
			mainGroup = F17A85F417EC12670098E7F3;
			productRefGroup = F17A85FE17EC12670098E7F3 /* Products */;
			projectDirPath = "";
			projectRoot = "";
			targets = (
				F17A85FC17EC12670098E7F3 /* FreeOTP */,
				F17A862017EC12670098E7F3 /* FreeOTPTests */,
			);
		};
/* End PBXProject section */

/* Begin PBXResourcesBuildPhase section */
		F17A85FB17EC12670098E7F3 /* Resources */ = {
			isa = PBXResourcesBuildPhase;
			buildActionMask = 2147483647;
			files = (
				F18E16F218F2603800722FE7 /* qrcode.png in Resources */,
				F1E5CDE91815CB06009BE32F /* iTunesArtwork@2x in Resources */,
				F1AD9C6B190FF5500023501C /* default.png in Resources */,
				F17A861C17EC12670098E7F3 /* Images.xcassets in Resources */,
				F18E170D18F4AB3000722FE7 /* token.png in Resources */,
				F1673F1A18EC51C900ECD2DB /* Main.storyboard in Resources */,
				F17A860B17EC12670098E7F3 /* InfoPlist.strings in Resources */,
			);
			runOnlyForDeploymentPostprocessing = 0;
		};
		F17A861F17EC12670098E7F3 /* Resources */ = {
			isa = PBXResourcesBuildPhase;
			buildActionMask = 2147483647;
			files = (
			);
			runOnlyForDeploymentPostprocessing = 0;
		};
/* End PBXResourcesBuildPhase section */

/* Begin PBXSourcesBuildPhase section */
		F17A85F917EC12670098E7F3 /* Sources */ = {
			isa = PBXSourcesBuildPhase;
			buildActionMask = 2147483647;
			files = (
				F1E7BF8918E9C85400C2DC82 /* TokenCode.m in Sources */,
				F109DBEF1841562600548A3E /* TokenStore.m in Sources */,
				F11EB05519117F77005FD565 /* TokenImagePickerController.m in Sources */,
				F18E16FC18F47D3E00722FE7 /* BlockActionSheet.m in Sources */,
				F1673F1818EB40EC00ECD2DB /* RenameTokenViewController.m in Sources */,
				F18A62CD1808A64F00345419 /* AddTokenViewController.m in Sources */,
				F18E16F818F3D1F100722FE7 /* CollectionViewController.m in Sources */,
				F15300461801BCD900A0E179 /* Token.m in Sources */,
				F15300431801BB8800A0E179 /* base32.c in Sources */,
				F100667B18EF1E4900F9EF2C /* TokenCell.m in Sources */,
				F1AD9C6E191052B10023501C /* URLImageView.m in Sources */,
				F17A861117EC12670098E7F3 /* AppDelegate.m in Sources */,
				F1030ED21818322000E478F7 /* CircleProgressView.m in Sources */,
				F17A860D17EC12670098E7F3 /* main.m in Sources */,
				F109DBEA18412A2300548A3E /* QRCodeScanViewController.m in Sources */,
			);
			runOnlyForDeploymentPostprocessing = 0;
		};
		F17A861D17EC12670098E7F3 /* Sources */ = {
			isa = PBXSourcesBuildPhase;
			buildActionMask = 2147483647;
			files = (
			);
			runOnlyForDeploymentPostprocessing = 0;
		};
/* End PBXSourcesBuildPhase section */

/* Begin PBXTargetDependency section */
		F17A862717EC12670098E7F3 /* PBXTargetDependency */ = {
			isa = PBXTargetDependency;
			target = F17A85FC17EC12670098E7F3 /* FreeOTP */;
			targetProxy = F17A862617EC12670098E7F3 /* PBXContainerItemProxy */;
		};
/* End PBXTargetDependency section */

/* Begin PBXVariantGroup section */
		F17A860917EC12670098E7F3 /* InfoPlist.strings */ = {
			isa = PBXVariantGroup;
			children = (
				F17A860A17EC12670098E7F3 /* en */,
			);
			name = InfoPlist.strings;
			sourceTree = "<group>";
		};
/* End PBXVariantGroup section */

/* Begin XCBuildConfiguration section */
		F17A863017EC12670098E7F3 /* Debug */ = {
			isa = XCBuildConfiguration;
			buildSettings = {
				ALWAYS_SEARCH_USER_PATHS = NO;
				CLANG_CXX_LANGUAGE_STANDARD = "gnu++0x";
				CLANG_CXX_LIBRARY = "libc++";
				CLANG_ENABLE_MODULES = YES;
				CLANG_ENABLE_OBJC_ARC = YES;
				CLANG_WARN_BOOL_CONVERSION = YES;
				CLANG_WARN_CONSTANT_CONVERSION = YES;
				CLANG_WARN_DIRECT_OBJC_ISA_USAGE = YES_ERROR;
				CLANG_WARN_EMPTY_BODY = YES;
				CLANG_WARN_ENUM_CONVERSION = YES;
				CLANG_WARN_INT_CONVERSION = YES;
				CLANG_WARN_OBJC_ROOT_CLASS = YES_ERROR;
				CLANG_WARN__DUPLICATE_METHOD_MATCH = YES;
				"CODE_SIGN_IDENTITY[sdk=iphoneos*]" = "iPhone Developer";
				COPY_PHASE_STRIP = NO;
				GCC_C_LANGUAGE_STANDARD = gnu99;
				GCC_DYNAMIC_NO_PIC = NO;
				GCC_OPTIMIZATION_LEVEL = 0;
				GCC_PREPROCESSOR_DEFINITIONS = (
					"DEBUG=1",
					"$(inherited)",
				);
				GCC_SYMBOLS_PRIVATE_EXTERN = NO;
				GCC_WARN_64_TO_32_BIT_CONVERSION = YES;
				GCC_WARN_ABOUT_RETURN_TYPE = YES_ERROR;
				GCC_WARN_UNDECLARED_SELECTOR = YES;
				GCC_WARN_UNINITIALIZED_AUTOS = YES;
				GCC_WARN_UNUSED_FUNCTION = YES;
				GCC_WARN_UNUSED_VARIABLE = YES;
				IPHONEOS_DEPLOYMENT_TARGET = 7.0;
				ONLY_ACTIVE_ARCH = YES;
				SDKROOT = iphoneos;
				TARGETED_DEVICE_FAMILY = "1,2";
			};
			name = Debug;
		};
		F17A863117EC12670098E7F3 /* Release */ = {
			isa = XCBuildConfiguration;
			buildSettings = {
				ALWAYS_SEARCH_USER_PATHS = NO;
				CLANG_CXX_LANGUAGE_STANDARD = "gnu++0x";
				CLANG_CXX_LIBRARY = "libc++";
				CLANG_ENABLE_MODULES = YES;
				CLANG_ENABLE_OBJC_ARC = YES;
				CLANG_WARN_BOOL_CONVERSION = YES;
				CLANG_WARN_CONSTANT_CONVERSION = YES;
				CLANG_WARN_DIRECT_OBJC_ISA_USAGE = YES_ERROR;
				CLANG_WARN_EMPTY_BODY = YES;
				CLANG_WARN_ENUM_CONVERSION = YES;
				CLANG_WARN_INT_CONVERSION = YES;
				CLANG_WARN_OBJC_ROOT_CLASS = YES_ERROR;
				CLANG_WARN__DUPLICATE_METHOD_MATCH = YES;
				"CODE_SIGN_IDENTITY[sdk=iphoneos*]" = "iPhone Developer";
				COPY_PHASE_STRIP = YES;
				ENABLE_NS_ASSERTIONS = NO;
				GCC_C_LANGUAGE_STANDARD = gnu99;
				GCC_WARN_64_TO_32_BIT_CONVERSION = YES;
				GCC_WARN_ABOUT_RETURN_TYPE = YES_ERROR;
				GCC_WARN_UNDECLARED_SELECTOR = YES;
				GCC_WARN_UNINITIALIZED_AUTOS = YES;
				GCC_WARN_UNUSED_FUNCTION = YES;
				GCC_WARN_UNUSED_VARIABLE = YES;
				IPHONEOS_DEPLOYMENT_TARGET = 7.0;
				SDKROOT = iphoneos;
				TARGETED_DEVICE_FAMILY = "1,2";
				VALIDATE_PRODUCT = YES;
			};
			name = Release;
		};
		F17A863317EC12670098E7F3 /* Debug */ = {
			isa = XCBuildConfiguration;
			buildSettings = {
				ASSETCATALOG_COMPILER_APPICON_NAME = AppIcon;
				ASSETCATALOG_COMPILER_LAUNCHIMAGE_NAME = LaunchImage;
				GCC_PRECOMPILE_PREFIX_HEADER = YES;
				GCC_PREFIX_HEADER = "FreeOTP/FreeOTP-Prefix.pch";
				INFOPLIST_FILE = "FreeOTP/FreeOTP-Info.plist";
				IPHONEOS_DEPLOYMENT_TARGET = 7.0;
				PRODUCT_NAME = "$(TARGET_NAME)";
				TARGETED_DEVICE_FAMILY = "1,2";
				WRAPPER_EXTENSION = app;
			};
			name = Debug;
		};
		F17A863417EC12670098E7F3 /* Release */ = {
			isa = XCBuildConfiguration;
			buildSettings = {
				ASSETCATALOG_COMPILER_APPICON_NAME = AppIcon;
				ASSETCATALOG_COMPILER_LAUNCHIMAGE_NAME = LaunchImage;
				GCC_PRECOMPILE_PREFIX_HEADER = YES;
				GCC_PREFIX_HEADER = "FreeOTP/FreeOTP-Prefix.pch";
				INFOPLIST_FILE = "FreeOTP/FreeOTP-Info.plist";
				IPHONEOS_DEPLOYMENT_TARGET = 7.0;
				PRODUCT_NAME = "$(TARGET_NAME)";
				TARGETED_DEVICE_FAMILY = "1,2";
				WRAPPER_EXTENSION = app;
			};
			name = Release;
		};
		F17A863617EC12670098E7F3 /* Debug */ = {
			isa = XCBuildConfiguration;
			buildSettings = {
				BUNDLE_LOADER = "$(BUILT_PRODUCTS_DIR)/FreeOTP.app/FreeOTP";
				FRAMEWORK_SEARCH_PATHS = (
					"$(SDKROOT)/Developer/Library/Frameworks",
					"$(inherited)",
					"$(DEVELOPER_FRAMEWORKS_DIR)",
				);
				GCC_PRECOMPILE_PREFIX_HEADER = YES;
				GCC_PREFIX_HEADER = "FreeOTP/FreeOTP-Prefix.pch";
				GCC_PREPROCESSOR_DEFINITIONS = (
					"DEBUG=1",
					"$(inherited)",
				);
				INFOPLIST_FILE = "FreeOTPTests/FreeOTPTests-Info.plist";
				PRODUCT_NAME = "$(TARGET_NAME)";
				TEST_HOST = "$(BUNDLE_LOADER)";
				WRAPPER_EXTENSION = xctest;
			};
			name = Debug;
		};
		F17A863717EC12670098E7F3 /* Release */ = {
			isa = XCBuildConfiguration;
			buildSettings = {
				BUNDLE_LOADER = "$(BUILT_PRODUCTS_DIR)/FreeOTP.app/FreeOTP";
				FRAMEWORK_SEARCH_PATHS = (
					"$(SDKROOT)/Developer/Library/Frameworks",
					"$(inherited)",
					"$(DEVELOPER_FRAMEWORKS_DIR)",
				);
				GCC_PRECOMPILE_PREFIX_HEADER = YES;
				GCC_PREFIX_HEADER = "FreeOTP/FreeOTP-Prefix.pch";
				INFOPLIST_FILE = "FreeOTPTests/FreeOTPTests-Info.plist";
				PRODUCT_NAME = "$(TARGET_NAME)";
				TEST_HOST = "$(BUNDLE_LOADER)";
				WRAPPER_EXTENSION = xctest;
			};
			name = Release;
		};
/* End XCBuildConfiguration section */

/* Begin XCConfigurationList section */
		F17A85F817EC12670098E7F3 /* Build configuration list for PBXProject "FreeOTP" */ = {
			isa = XCConfigurationList;
			buildConfigurations = (
				F17A863017EC12670098E7F3 /* Debug */,
				F17A863117EC12670098E7F3 /* Release */,
			);
			defaultConfigurationIsVisible = 0;
			defaultConfigurationName = Release;
		};
		F17A863217EC12670098E7F3 /* Build configuration list for PBXNativeTarget "FreeOTP" */ = {
			isa = XCConfigurationList;
			buildConfigurations = (
				F17A863317EC12670098E7F3 /* Debug */,
				F17A863417EC12670098E7F3 /* Release */,
			);
			defaultConfigurationIsVisible = 0;
			defaultConfigurationName = Release;
		};
		F17A863517EC12670098E7F3 /* Build configuration list for PBXNativeTarget "FreeOTPTests" */ = {
			isa = XCConfigurationList;
			buildConfigurations = (
				F17A863617EC12670098E7F3 /* Debug */,
				F17A863717EC12670098E7F3 /* Release */,
			);
			defaultConfigurationIsVisible = 0;
			defaultConfigurationName = Release;
		};
/* End XCConfigurationList section */
	};
	rootObject = F17A85F517EC12670098E7F3 /* Project object */;
}
