// !$*UTF8*$!
{
	archiveVersion = 1;
	classes = {
	};
	objectVersion = 46;
	objects = {

/* Begin PBXBuildFile section */
		F10D88C41B56A3C400482D15 /* AppDelegate.swift in Sources */ = {isa = PBXBuildFile; fileRef = F10D88C31B56A3C400482D15 /* AppDelegate.swift */; };
		F10D88C91B56A3C400482D15 /* Main.storyboard in Resources */ = {isa = PBXBuildFile; fileRef = F10D88C71B56A3C400482D15 /* Main.storyboard */; };
		F10D88CB1B56A3C400482D15 /* Assets.xcassets in Resources */ = {isa = PBXBuildFile; fileRef = F10D88CA1B56A3C400482D15 /* Assets.xcassets */; };
		F10D89021B56A54B00482D15 /* CircleProgressView.swift in Sources */ = {isa = PBXBuildFile; fileRef = F10D88F21B56A54B00482D15 /* CircleProgressView.swift */; };
		F10D89031B56A54B00482D15 /* EditViewController.swift in Sources */ = {isa = PBXBuildFile; fileRef = F10D88F31B56A54B00482D15 /* EditViewController.swift */; };
		F10D89051B56A54B00482D15 /* ImageDownloader.swift in Sources */ = {isa = PBXBuildFile; fileRef = F10D88F51B56A54B00482D15 /* ImageDownloader.swift */; };
		F10D89061B56A54B00482D15 /* ImageViewController.swift in Sources */ = {isa = PBXBuildFile; fileRef = F10D88F61B56A54B00482D15 /* ImageViewController.swift */; };
		F10D89071B56A54B00482D15 /* OTP.swift in Sources */ = {isa = PBXBuildFile; fileRef = F10D88F71B56A54B00482D15 /* OTP.swift */; };
		F10D89091B56A54B00482D15 /* ScanViewController.swift in Sources */ = {isa = PBXBuildFile; fileRef = F10D88F91B56A54B00482D15 /* ScanViewController.swift */; };
		F10D890A1B56A54B00482D15 /* ShareViewController.swift in Sources */ = {isa = PBXBuildFile; fileRef = F10D88FA1B56A54B00482D15 /* ShareViewController.swift */; };
		F10D890B1B56A54B00482D15 /* Token.swift in Sources */ = {isa = PBXBuildFile; fileRef = F10D88FB1B56A54B00482D15 /* Token.swift */; };
		F10D890C1B56A54B00482D15 /* TokenButton.swift in Sources */ = {isa = PBXBuildFile; fileRef = F10D88FC1B56A54B00482D15 /* TokenButton.swift */; };
		F10D890D1B56A54B00482D15 /* TokenCell.swift in Sources */ = {isa = PBXBuildFile; fileRef = F10D88FD1B56A54B00482D15 /* TokenCell.swift */; };
		F10D890E1B56A54B00482D15 /* TokenStore.swift in Sources */ = {isa = PBXBuildFile; fileRef = F10D88FE1B56A54B00482D15 /* TokenStore.swift */; };
		F10D890F1B56A54B00482D15 /* TokensViewController.swift in Sources */ = {isa = PBXBuildFile; fileRef = F10D88FF1B56A54B00482D15 /* TokensViewController.swift */; };
		F10D89101B56A54B00482D15 /* UICollectionViewFlowLayout.swift in Sources */ = {isa = PBXBuildFile; fileRef = F10D89001B56A54B00482D15 /* UICollectionViewFlowLayout.swift */; };
		F18FA5361B571E2200B1CEAD /* CoreBluetooth.framework in Frameworks */ = {isa = PBXBuildFile; fileRef = F18FA5351B571E2200B1CEAD /* CoreBluetooth.framework */; };
		F18FA5381B571E3B00B1CEAD /* Photos.framework in Frameworks */ = {isa = PBXBuildFile; fileRef = F18FA5371B571E3B00B1CEAD /* Photos.framework */; };
		F18FA53A1B571E4800B1CEAD /* CoreGraphics.framework in Frameworks */ = {isa = PBXBuildFile; fileRef = F18FA5391B571E4800B1CEAD /* CoreGraphics.framework */; };
		F18FA53C1B571E5500B1CEAD /* UIKit.framework in Frameworks */ = {isa = PBXBuildFile; fileRef = F18FA53B1B571E5500B1CEAD /* UIKit.framework */; };
		F18FA53E1B571E5D00B1CEAD /* Foundation.framework in Frameworks */ = {isa = PBXBuildFile; fileRef = F18FA53D1B571E5D00B1CEAD /* Foundation.framework */; };
		F18FA5401B57339F00B1CEAD /* Storage.swift in Sources */ = {isa = PBXBuildFile; fileRef = F18FA53F1B57339F00B1CEAD /* Storage.swift */; };
		F18FA5441B58D30800B1CEAD /* KeychainStore.swift in Sources */ = {isa = PBXBuildFile; fileRef = F18FA5431B58D30800B1CEAD /* KeychainStore.swift */; };
		F19DA56E1B5C832600A54DDC /* Launch.storyboard in Resources */ = {isa = PBXBuildFile; fileRef = F19DA56D1B5C832600A54DDC /* Launch.storyboard */; };
		F19DA5701B5EE73E00A54DDC /* lock.png in Resources */ = {isa = PBXBuildFile; fileRef = F19DA56F1B5EE73E00A54DDC /* lock.png */; };
		F1CA93C91B56AA0000828B8B /* HOTP.swift in Sources */ = {isa = PBXBuildFile; fileRef = F1CA93C61B56AA0000828B8B /* HOTP.swift */; };
		F1CA93CA1B56AA0000828B8B /* TOTP.swift in Sources */ = {isa = PBXBuildFile; fileRef = F1CA93C71B56AA0000828B8B /* TOTP.swift */; };
		F1CA93CB1B56AA0000828B8B /* URI.swift in Sources */ = {isa = PBXBuildFile; fileRef = F1CA93C81B56AA0000828B8B /* URI.swift */; };
		F1CA93D71B56AB9500828B8B /* iTunesArtwork@2x in Resources */ = {isa = PBXBuildFile; fileRef = F1CA93D31B56AB9500828B8B /* iTunesArtwork@2x */; };
		F1CA93D81B56AB9500828B8B /* default.png in Resources */ = {isa = PBXBuildFile; fileRef = F1CA93D41B56AB9500828B8B /* default.png */; };
		F1CA93D91B56AB9500828B8B /* qrcode.png in Resources */ = {isa = PBXBuildFile; fileRef = F1CA93D51B56AB9500828B8B /* qrcode.png */; };
		F1CA93DA1B56AB9500828B8B /* token.png in Resources */ = {isa = PBXBuildFile; fileRef = F1CA93D61B56AB9500828B8B /* token.png */; };
/* End PBXBuildFile section */

/* Begin PBXContainerItemProxy section */
		F10D88D51B56A3C400482D15 /* PBXContainerItemProxy */ = {
			isa = PBXContainerItemProxy;
			containerPortal = F10D88B81B56A3C400482D15 /* Project object */;
			proxyType = 1;
			remoteGlobalIDString = F10D88BF1B56A3C400482D15;
			remoteInfo = FreeOTP;
		};
/* End PBXContainerItemProxy section */

/* Begin PBXFileReference section */
		F10D88C01B56A3C400482D15 /* FreeOTP.app */ = {isa = PBXFileReference; explicitFileType = wrapper.application; includeInIndex = 0; path = FreeOTP.app; sourceTree = BUILT_PRODUCTS_DIR; };
		F10D88C31B56A3C400482D15 /* AppDelegate.swift */ = {isa = PBXFileReference; lastKnownFileType = sourcecode.swift; path = AppDelegate.swift; sourceTree = "<group>"; };
		F10D88C81B56A3C400482D15 /* Base */ = {isa = PBXFileReference; lastKnownFileType = file.storyboard; name = Base; path = Base.lproj/Main.storyboard; sourceTree = "<group>"; };
		F10D88CA1B56A3C400482D15 /* Assets.xcassets */ = {isa = PBXFileReference; lastKnownFileType = folder.assetcatalog; path = Assets.xcassets; sourceTree = "<group>"; };
		F10D88CF1B56A3C400482D15 /* Info.plist */ = {isa = PBXFileReference; lastKnownFileType = text.plist.xml; path = Info.plist; sourceTree = "<group>"; };
		F10D88D41B56A3C400482D15 /* FreeOTPTests.xctest */ = {isa = PBXFileReference; explicitFileType = wrapper.cfbundle; includeInIndex = 0; path = FreeOTPTests.xctest; sourceTree = BUILT_PRODUCTS_DIR; };
		F10D88DA1B56A3C400482D15 /* Info.plist */ = {isa = PBXFileReference; lastKnownFileType = text.plist.xml; path = Info.plist; sourceTree = "<group>"; };
		F10D88E51B56A3C500482D15 /* Info.plist */ = {isa = PBXFileReference; lastKnownFileType = text.plist.xml; path = Info.plist; sourceTree = "<group>"; };
		F10D88F21B56A54B00482D15 /* CircleProgressView.swift */ = {isa = PBXFileReference; fileEncoding = 4; lastKnownFileType = sourcecode.swift; path = CircleProgressView.swift; sourceTree = "<group>"; };
		F10D88F31B56A54B00482D15 /* EditViewController.swift */ = {isa = PBXFileReference; fileEncoding = 4; lastKnownFileType = sourcecode.swift; path = EditViewController.swift; sourceTree = "<group>"; };
		F10D88F51B56A54B00482D15 /* ImageDownloader.swift */ = {isa = PBXFileReference; fileEncoding = 4; lastKnownFileType = sourcecode.swift; path = ImageDownloader.swift; sourceTree = "<group>"; };
		F10D88F61B56A54B00482D15 /* ImageViewController.swift */ = {isa = PBXFileReference; fileEncoding = 4; lastKnownFileType = sourcecode.swift; path = ImageViewController.swift; sourceTree = "<group>"; };
		F10D88F71B56A54B00482D15 /* OTP.swift */ = {isa = PBXFileReference; fileEncoding = 4; lastKnownFileType = sourcecode.swift; path = OTP.swift; sourceTree = "<group>"; };
		F10D88F91B56A54B00482D15 /* ScanViewController.swift */ = {isa = PBXFileReference; fileEncoding = 4; lastKnownFileType = sourcecode.swift; path = ScanViewController.swift; sourceTree = "<group>"; };
		F10D88FA1B56A54B00482D15 /* ShareViewController.swift */ = {isa = PBXFileReference; fileEncoding = 4; lastKnownFileType = sourcecode.swift; path = ShareViewController.swift; sourceTree = "<group>"; };
		F10D88FB1B56A54B00482D15 /* Token.swift */ = {isa = PBXFileReference; fileEncoding = 4; lastKnownFileType = sourcecode.swift; path = Token.swift; sourceTree = "<group>"; };
		F10D88FC1B56A54B00482D15 /* TokenButton.swift */ = {isa = PBXFileReference; fileEncoding = 4; lastKnownFileType = sourcecode.swift; path = TokenButton.swift; sourceTree = "<group>"; };
		F10D88FD1B56A54B00482D15 /* TokenCell.swift */ = {isa = PBXFileReference; fileEncoding = 4; lastKnownFileType = sourcecode.swift; path = TokenCell.swift; sourceTree = "<group>"; };
		F10D88FE1B56A54B00482D15 /* TokenStore.swift */ = {isa = PBXFileReference; fileEncoding = 4; lastKnownFileType = sourcecode.swift; path = TokenStore.swift; sourceTree = "<group>"; };
		F10D88FF1B56A54B00482D15 /* TokensViewController.swift */ = {isa = PBXFileReference; fileEncoding = 4; lastKnownFileType = sourcecode.swift; path = TokensViewController.swift; sourceTree = "<group>"; };
		F10D89001B56A54B00482D15 /* UICollectionViewFlowLayout.swift */ = {isa = PBXFileReference; fileEncoding = 4; lastKnownFileType = sourcecode.swift; path = UICollectionViewFlowLayout.swift; sourceTree = "<group>"; };
		F18FA5351B571E2200B1CEAD /* CoreBluetooth.framework */ = {isa = PBXFileReference; lastKnownFileType = wrapper.framework; name = CoreBluetooth.framework; path = System/Library/Frameworks/CoreBluetooth.framework; sourceTree = SDKROOT; };
		F18FA5371B571E3B00B1CEAD /* Photos.framework */ = {isa = PBXFileReference; lastKnownFileType = wrapper.framework; name = Photos.framework; path = System/Library/Frameworks/Photos.framework; sourceTree = SDKROOT; };
		F18FA5391B571E4800B1CEAD /* CoreGraphics.framework */ = {isa = PBXFileReference; lastKnownFileType = wrapper.framework; name = CoreGraphics.framework; path = System/Library/Frameworks/CoreGraphics.framework; sourceTree = SDKROOT; };
		F18FA53B1B571E5500B1CEAD /* UIKit.framework */ = {isa = PBXFileReference; lastKnownFileType = wrapper.framework; name = UIKit.framework; path = System/Library/Frameworks/UIKit.framework; sourceTree = SDKROOT; };
		F18FA53D1B571E5D00B1CEAD /* Foundation.framework */ = {isa = PBXFileReference; lastKnownFileType = wrapper.framework; name = Foundation.framework; path = System/Library/Frameworks/Foundation.framework; sourceTree = SDKROOT; };
		F18FA53F1B57339F00B1CEAD /* Storage.swift */ = {isa = PBXFileReference; fileEncoding = 4; lastKnownFileType = sourcecode.swift; path = Storage.swift; sourceTree = "<group>"; };
		F18FA5431B58D30800B1CEAD /* KeychainStore.swift */ = {isa = PBXFileReference; fileEncoding = 4; lastKnownFileType = sourcecode.swift; path = KeychainStore.swift; sourceTree = "<group>"; };
		F19DA56D1B5C832600A54DDC /* Launch.storyboard */ = {isa = PBXFileReference; fileEncoding = 4; lastKnownFileType = file.storyboard; path = Launch.storyboard; sourceTree = "<group>"; };
		F19DA56F1B5EE73E00A54DDC /* lock.png */ = {isa = PBXFileReference; lastKnownFileType = image.png; path = lock.png; sourceTree = "<group>"; };
		F1CA93C51B56AA0000828B8B /* FreeOTPTests-Bridging-Header.h */ = {isa = PBXFileReference; lastKnownFileType = sourcecode.c.h; path = "FreeOTPTests-Bridging-Header.h"; sourceTree = "<group>"; };
		F1CA93C61B56AA0000828B8B /* HOTP.swift */ = {isa = PBXFileReference; fileEncoding = 4; lastKnownFileType = sourcecode.swift; path = HOTP.swift; sourceTree = "<group>"; };
		F1CA93C71B56AA0000828B8B /* TOTP.swift */ = {isa = PBXFileReference; fileEncoding = 4; lastKnownFileType = sourcecode.swift; path = TOTP.swift; sourceTree = "<group>"; };
		F1CA93C81B56AA0000828B8B /* URI.swift */ = {isa = PBXFileReference; fileEncoding = 4; lastKnownFileType = sourcecode.swift; path = URI.swift; sourceTree = "<group>"; };
		F1CA93CC1B56AA8400828B8B /* moa.framework */ = {isa = PBXFileReference; lastKnownFileType = wrapper.framework; name = moa.framework; path = Carthage/Build/iOS/moa.framework; sourceTree = "<group>"; };
		F1CA93CD1B56AA8400828B8B /* Base32.framework */ = {isa = PBXFileReference; lastKnownFileType = wrapper.framework; name = Base32.framework; path = Carthage/Build/iOS/Base32.framework; sourceTree = "<group>"; };
		F1CA93D31B56AB9500828B8B /* iTunesArtwork@2x */ = {isa = PBXFileReference; lastKnownFileType = file; path = "iTunesArtwork@2x"; sourceTree = "<group>"; };
		F1CA93D41B56AB9500828B8B /* default.png */ = {isa = PBXFileReference; lastKnownFileType = image.png; path = default.png; sourceTree = "<group>"; };
		F1CA93D51B56AB9500828B8B /* qrcode.png */ = {isa = PBXFileReference; lastKnownFileType = image.png; path = qrcode.png; sourceTree = "<group>"; };
		F1CA93D61B56AB9500828B8B /* token.png */ = {isa = PBXFileReference; lastKnownFileType = image.png; path = token.png; sourceTree = "<group>"; };
		F1CA93DB1B56ABB900828B8B /* FreeOTP-Bridging-Header.h */ = {isa = PBXFileReference; fileEncoding = 4; lastKnownFileType = sourcecode.c.h; path = "FreeOTP-Bridging-Header.h"; sourceTree = "<group>"; };
/* End PBXFileReference section */

/* Begin PBXFrameworksBuildPhase section */
		F10D88BD1B56A3C400482D15 /* Frameworks */ = {
			isa = PBXFrameworksBuildPhase;
			buildActionMask = 2147483647;
			files = (
				F18FA5361B571E2200B1CEAD /* CoreBluetooth.framework in Frameworks */,
				F18FA53A1B571E4800B1CEAD /* CoreGraphics.framework in Frameworks */,
				F18FA53E1B571E5D00B1CEAD /* Foundation.framework in Frameworks */,
				F18FA5381B571E3B00B1CEAD /* Photos.framework in Frameworks */,
				F18FA53C1B571E5500B1CEAD /* UIKit.framework in Frameworks */,
			);
			runOnlyForDeploymentPostprocessing = 0;
		};
		F10D88D11B56A3C400482D15 /* Frameworks */ = {
			isa = PBXFrameworksBuildPhase;
			buildActionMask = 2147483647;
			files = (
			);
			runOnlyForDeploymentPostprocessing = 0;
		};
/* End PBXFrameworksBuildPhase section */

/* Begin PBXGroup section */
		F10D88B71B56A3C400482D15 = {
			isa = PBXGroup;
			children = (
				F18FA53D1B571E5D00B1CEAD /* Foundation.framework */,
				F18FA53B1B571E5500B1CEAD /* UIKit.framework */,
				F18FA5391B571E4800B1CEAD /* CoreGraphics.framework */,
				F18FA5371B571E3B00B1CEAD /* Photos.framework */,
				F18FA5351B571E2200B1CEAD /* CoreBluetooth.framework */,
				F1CA93CC1B56AA8400828B8B /* moa.framework */,
				F1CA93CD1B56AA8400828B8B /* Base32.framework */,
				F10D88C21B56A3C400482D15 /* FreeOTP */,
				F10D88D71B56A3C400482D15 /* FreeOTPTests */,
				F10D88E21B56A3C500482D15 /* FreeOTPUITests */,
				F10D88C11B56A3C400482D15 /* Products */,
			);
			sourceTree = "<group>";
		};
		F10D88C11B56A3C400482D15 /* Products */ = {
			isa = PBXGroup;
			children = (
				F10D88C01B56A3C400482D15 /* FreeOTP.app */,
				F10D88D41B56A3C400482D15 /* FreeOTPTests.xctest */,
			);
			name = Products;
			sourceTree = "<group>";
		};
		F10D88C21B56A3C400482D15 /* FreeOTP */ = {
			isa = PBXGroup;
			children = (
				F1CA93DB1B56ABB900828B8B /* FreeOTP-Bridging-Header.h */,
				F1CA93D31B56AB9500828B8B /* iTunesArtwork@2x */,
				F1CA93D41B56AB9500828B8B /* default.png */,
				F1CA93D51B56AB9500828B8B /* qrcode.png */,
				F1CA93D61B56AB9500828B8B /* token.png */,
				F19DA56F1B5EE73E00A54DDC /* lock.png */,
				F10D89111B56A56600482D15 /* Controllers */,
				F18FA5341B56AE1B00B1CEAD /* Core */,
				F10D89121B56A59500482D15 /* Views */,
				F10D88F51B56A54B00482D15 /* ImageDownloader.swift */,
				F10D89001B56A54B00482D15 /* UICollectionViewFlowLayout.swift */,
				F10D88C31B56A3C400482D15 /* AppDelegate.swift */,
				F19DA56D1B5C832600A54DDC /* Launch.storyboard */,
				F10D88C71B56A3C400482D15 /* Main.storyboard */,
				F10D88CA1B56A3C400482D15 /* Assets.xcassets */,
				F10D88CF1B56A3C400482D15 /* Info.plist */,
			);
			path = FreeOTP;
			sourceTree = "<group>";
		};
		F10D88D71B56A3C400482D15 /* FreeOTPTests */ = {
			isa = PBXGroup;
			children = (
				F1CA93C61B56AA0000828B8B /* HOTP.swift */,
				F1CA93C71B56AA0000828B8B /* TOTP.swift */,
				F1CA93C81B56AA0000828B8B /* URI.swift */,
				F18FA53F1B57339F00B1CEAD /* Storage.swift */,
				F10D88DA1B56A3C400482D15 /* Info.plist */,
				F1CA93C51B56AA0000828B8B /* FreeOTPTests-Bridging-Header.h */,
			);
			path = FreeOTPTests;
			sourceTree = "<group>";
		};
		F10D88E21B56A3C500482D15 /* FreeOTPUITests */ = {
			isa = PBXGroup;
			children = (
				F10D88E51B56A3C500482D15 /* Info.plist */,
			);
			path = FreeOTPUITests;
			sourceTree = "<group>";
		};
		F10D89111B56A56600482D15 /* Controllers */ = {
			isa = PBXGroup;
			children = (
				F10D88F31B56A54B00482D15 /* EditViewController.swift */,
				F10D88F61B56A54B00482D15 /* ImageViewController.swift */,
				F10D88F91B56A54B00482D15 /* ScanViewController.swift */,
				F10D88FA1B56A54B00482D15 /* ShareViewController.swift */,
				F10D88FF1B56A54B00482D15 /* TokensViewController.swift */,
			);
			name = Controllers;
			sourceTree = "<group>";
		};
		F10D89121B56A59500482D15 /* Views */ = {
			isa = PBXGroup;
			children = (
				F10D88F21B56A54B00482D15 /* CircleProgressView.swift */,
				F10D88FC1B56A54B00482D15 /* TokenButton.swift */,
				F10D88FD1B56A54B00482D15 /* TokenCell.swift */,
			);
			name = Views;
			sourceTree = "<group>";
		};
		F18FA5341B56AE1B00B1CEAD /* Core */ = {
			isa = PBXGroup;
			children = (
				F10D88F71B56A54B00482D15 /* OTP.swift */,
				F10D88FB1B56A54B00482D15 /* Token.swift */,
				F10D88FE1B56A54B00482D15 /* TokenStore.swift */,
				F18FA5431B58D30800B1CEAD /* KeychainStore.swift */,
			);
			name = Core;
			sourceTree = "<group>";
		};
/* End PBXGroup section */

/* Begin PBXNativeTarget section */
		F10D88BF1B56A3C400482D15 /* FreeOTP */ = {
			isa = PBXNativeTarget;
			buildConfigurationList = F10D88E81B56A3C500482D15 /* Build configuration list for PBXNativeTarget "FreeOTP" */;
			buildPhases = (
				F10D88BC1B56A3C400482D15 /* Sources */,
				F10D88BD1B56A3C400482D15 /* Frameworks */,
				F10D88BE1B56A3C400482D15 /* Resources */,
				FF1CDE331F915AAD002A8E06 /* ShellScript */,
			);
			buildRules = (
			);
			dependencies = (
			);
			name = FreeOTP;
			productName = FreeOTP;
			productReference = F10D88C01B56A3C400482D15 /* FreeOTP.app */;
			productType = "com.apple.product-type.application";
		};
		F10D88D31B56A3C400482D15 /* FreeOTPTests */ = {
			isa = PBXNativeTarget;
			buildConfigurationList = F10D88EB1B56A3C500482D15 /* Build configuration list for PBXNativeTarget "FreeOTPTests" */;
			buildPhases = (
				F10D88D01B56A3C400482D15 /* Sources */,
				F10D88D11B56A3C400482D15 /* Frameworks */,
				F10D88D21B56A3C400482D15 /* Resources */,
			);
			buildRules = (
			);
			dependencies = (
				F10D88D61B56A3C400482D15 /* PBXTargetDependency */,
			);
			name = FreeOTPTests;
			productName = FreeOTPTests;
			productReference = F10D88D41B56A3C400482D15 /* FreeOTPTests.xctest */;
			productType = "com.apple.product-type.bundle.unit-test";
		};
/* End PBXNativeTarget section */

/* Begin PBXProject section */
		F10D88B81B56A3C400482D15 /* Project object */ = {
			isa = PBXProject;
			attributes = {
				LastSwiftUpdateCheck = 0700;
				LastUpgradeCheck = 0900;
				ORGANIZATIONNAME = "Fedora Project";
				TargetAttributes = {
					F10D88BF1B56A3C400482D15 = {
						CreatedOnToolsVersion = 7.0;
						LastSwiftMigration = 0900;
						ProvisioningStyle = Automatic;
					};
					F10D88D31B56A3C400482D15 = {
						CreatedOnToolsVersion = 7.0;
						LastSwiftMigration = 0900;
						ProvisioningStyle = Automatic;
						TestTargetID = F10D88BF1B56A3C400482D15;
					};
				};
			};
			buildConfigurationList = F10D88BB1B56A3C400482D15 /* Build configuration list for PBXProject "FreeOTP" */;
			compatibilityVersion = "Xcode 3.2";
			developmentRegion = English;
			hasScannedForEncodings = 0;
			knownRegions = (
				en,
				Base,
			);
			mainGroup = F10D88B71B56A3C400482D15;
			productRefGroup = F10D88C11B56A3C400482D15 /* Products */;
			projectDirPath = "";
			projectRoot = "";
			targets = (
				F10D88BF1B56A3C400482D15 /* FreeOTP */,
				F10D88D31B56A3C400482D15 /* FreeOTPTests */,
			);
		};
/* End PBXProject section */

/* Begin PBXResourcesBuildPhase section */
		F10D88BE1B56A3C400482D15 /* Resources */ = {
			isa = PBXResourcesBuildPhase;
			buildActionMask = 2147483647;
			files = (
				F1CA93D71B56AB9500828B8B /* iTunesArtwork@2x in Resources */,
				F10D88CB1B56A3C400482D15 /* Assets.xcassets in Resources */,
				F1CA93D91B56AB9500828B8B /* qrcode.png in Resources */,
				F10D88C91B56A3C400482D15 /* Main.storyboard in Resources */,
				F19DA5701B5EE73E00A54DDC /* lock.png in Resources */,
				F19DA56E1B5C832600A54DDC /* Launch.storyboard in Resources */,
				F1CA93D81B56AB9500828B8B /* default.png in Resources */,
				F1CA93DA1B56AB9500828B8B /* token.png in Resources */,
			);
			runOnlyForDeploymentPostprocessing = 0;
		};
		F10D88D21B56A3C400482D15 /* Resources */ = {
			isa = PBXResourcesBuildPhase;
			buildActionMask = 2147483647;
			files = (
			);
			runOnlyForDeploymentPostprocessing = 0;
		};
/* End PBXResourcesBuildPhase section */

/* Begin PBXShellScriptBuildPhase section */
		FF1CDE331F915AAD002A8E06 /* ShellScript */ = {
			isa = PBXShellScriptBuildPhase;
			buildActionMask = 2147483647;
			files = (
			);
			inputPaths = (
				"$(SRCROOT)/Carthage/Build/iOS/Base32.framework",
				"$(SRCROOT)/Carthage/Build/iOS/moa.framework",
			);
			outputPaths = (
				"$(BUILT_PRODUCTS_DIR)/$(FRAMEWORKS_FOLDER_PATH)/Base32.framework",
				"$(BUILT_PRODUCTS_DIR)/$(FRAMEWORKS_FOLDER_PATH)/moa.framework",
			);
			runOnlyForDeploymentPostprocessing = 0;
			shellPath = /bin/sh;
			shellScript = "/usr/local/bin/carthage copy-frameworks";
		};
/* End PBXShellScriptBuildPhase section */

/* Begin PBXSourcesBuildPhase section */
		F10D88BC1B56A3C400482D15 /* Sources */ = {
			isa = PBXSourcesBuildPhase;
			buildActionMask = 2147483647;
			files = (
				F10D890D1B56A54B00482D15 /* TokenCell.swift in Sources */,
				F10D89031B56A54B00482D15 /* EditViewController.swift in Sources */,
				F10D89051B56A54B00482D15 /* ImageDownloader.swift in Sources */,
				F10D89091B56A54B00482D15 /* ScanViewController.swift in Sources */,
				F10D89071B56A54B00482D15 /* OTP.swift in Sources */,
				F10D890A1B56A54B00482D15 /* ShareViewController.swift in Sources */,
				F10D89021B56A54B00482D15 /* CircleProgressView.swift in Sources */,
				F10D890E1B56A54B00482D15 /* TokenStore.swift in Sources */,
				F10D890F1B56A54B00482D15 /* TokensViewController.swift in Sources */,
				F10D890C1B56A54B00482D15 /* TokenButton.swift in Sources */,
				F10D89061B56A54B00482D15 /* ImageViewController.swift in Sources */,
				F10D890B1B56A54B00482D15 /* Token.swift in Sources */,
				F10D89101B56A54B00482D15 /* UICollectionViewFlowLayout.swift in Sources */,
				F18FA5441B58D30800B1CEAD /* KeychainStore.swift in Sources */,
				F10D88C41B56A3C400482D15 /* AppDelegate.swift in Sources */,
			);
			runOnlyForDeploymentPostprocessing = 0;
		};
		F10D88D01B56A3C400482D15 /* Sources */ = {
			isa = PBXSourcesBuildPhase;
			buildActionMask = 2147483647;
			files = (
				F1CA93CA1B56AA0000828B8B /* TOTP.swift in Sources */,
				F18FA5401B57339F00B1CEAD /* Storage.swift in Sources */,
				F1CA93C91B56AA0000828B8B /* HOTP.swift in Sources */,
				F1CA93CB1B56AA0000828B8B /* URI.swift in Sources */,
			);
			runOnlyForDeploymentPostprocessing = 0;
		};
/* End PBXSourcesBuildPhase section */

/* Begin PBXTargetDependency section */
		F10D88D61B56A3C400482D15 /* PBXTargetDependency */ = {
			isa = PBXTargetDependency;
			target = F10D88BF1B56A3C400482D15 /* FreeOTP */;
			targetProxy = F10D88D51B56A3C400482D15 /* PBXContainerItemProxy */;
		};
/* End PBXTargetDependency section */

/* Begin PBXVariantGroup section */
		F10D88C71B56A3C400482D15 /* Main.storyboard */ = {
			isa = PBXVariantGroup;
			children = (
				F10D88C81B56A3C400482D15 /* Base */,
			);
			name = Main.storyboard;
			sourceTree = "<group>";
		};
/* End PBXVariantGroup section */

/* Begin XCBuildConfiguration section */
		F10D88E61B56A3C500482D15 /* Debug */ = {
			isa = XCBuildConfiguration;
			buildSettings = {
				ALWAYS_SEARCH_USER_PATHS = NO;
				CLANG_CXX_LANGUAGE_STANDARD = "gnu++0x";
				CLANG_CXX_LIBRARY = "libc++";
				CLANG_ENABLE_MODULES = YES;
				CLANG_ENABLE_OBJC_ARC = YES;
				CLANG_WARN_BLOCK_CAPTURE_AUTORELEASING = YES;
				CLANG_WARN_BOOL_CONVERSION = YES;
				CLANG_WARN_COMMA = YES;
				CLANG_WARN_CONSTANT_CONVERSION = YES;
				CLANG_WARN_DIRECT_OBJC_ISA_USAGE = YES_ERROR;
				CLANG_WARN_EMPTY_BODY = YES;
				CLANG_WARN_ENUM_CONVERSION = YES;
				CLANG_WARN_INFINITE_RECURSION = YES;
				CLANG_WARN_INT_CONVERSION = YES;
				CLANG_WARN_NON_LITERAL_NULL_CONVERSION = YES;
				CLANG_WARN_OBJC_LITERAL_CONVERSION = YES;
				CLANG_WARN_OBJC_ROOT_CLASS = YES_ERROR;
				CLANG_WARN_RANGE_LOOP_ANALYSIS = YES;
				CLANG_WARN_STRICT_PROTOTYPES = YES;
				CLANG_WARN_SUSPICIOUS_MOVE = YES;
				CLANG_WARN_UNREACHABLE_CODE = YES;
				CLANG_WARN__DUPLICATE_METHOD_MATCH = YES;
				CODE_SIGN_IDENTITY = "iPhone Developer";
				CODE_SIGN_STYLE = Automatic;
				COPY_PHASE_STRIP = NO;
				DEBUG_INFORMATION_FORMAT = dwarf;
				ENABLE_STRICT_OBJC_MSGSEND = YES;
				ENABLE_TESTABILITY = YES;
				FRAMEWORK_SEARCH_PATHS = Carthage/Build/iOS;
				GCC_C_LANGUAGE_STANDARD = gnu99;
				GCC_DYNAMIC_NO_PIC = NO;
				GCC_NO_COMMON_BLOCKS = YES;
				GCC_OPTIMIZATION_LEVEL = 0;
				GCC_PREPROCESSOR_DEFINITIONS = (
					"DEBUG=1",
					"$(inherited)",
				);
				GCC_WARN_64_TO_32_BIT_CONVERSION = YES;
				GCC_WARN_ABOUT_RETURN_TYPE = YES_ERROR;
				GCC_WARN_UNDECLARED_SELECTOR = YES;
				GCC_WARN_UNINITIALIZED_AUTOS = YES_AGGRESSIVE;
				GCC_WARN_UNUSED_FUNCTION = YES;
				GCC_WARN_UNUSED_VARIABLE = YES;
				IPHONEOS_DEPLOYMENT_TARGET = 8.1;
				MTL_ENABLE_DEBUG_INFO = YES;
				ONLY_ACTIVE_ARCH = YES;
				SDKROOT = iphoneos;
				SWIFT_OBJC_BRIDGING_HEADER = "FreeOTP/FreeOTP-Bridging-Header.h";
				SWIFT_OPTIMIZATION_LEVEL = "-Onone";
				TARGETED_DEVICE_FAMILY = "1,2";
			};
			name = Debug;
		};
		F10D88E71B56A3C500482D15 /* Release */ = {
			isa = XCBuildConfiguration;
			buildSettings = {
				ALWAYS_SEARCH_USER_PATHS = NO;
				CLANG_CXX_LANGUAGE_STANDARD = "gnu++0x";
				CLANG_CXX_LIBRARY = "libc++";
				CLANG_ENABLE_MODULES = YES;
				CLANG_ENABLE_OBJC_ARC = YES;
				CLANG_WARN_BLOCK_CAPTURE_AUTORELEASING = YES;
				CLANG_WARN_BOOL_CONVERSION = YES;
				CLANG_WARN_COMMA = YES;
				CLANG_WARN_CONSTANT_CONVERSION = YES;
				CLANG_WARN_DIRECT_OBJC_ISA_USAGE = YES_ERROR;
				CLANG_WARN_EMPTY_BODY = YES;
				CLANG_WARN_ENUM_CONVERSION = YES;
				CLANG_WARN_INFINITE_RECURSION = YES;
				CLANG_WARN_INT_CONVERSION = YES;
				CLANG_WARN_NON_LITERAL_NULL_CONVERSION = YES;
				CLANG_WARN_OBJC_LITERAL_CONVERSION = YES;
				CLANG_WARN_OBJC_ROOT_CLASS = YES_ERROR;
				CLANG_WARN_RANGE_LOOP_ANALYSIS = YES;
				CLANG_WARN_STRICT_PROTOTYPES = YES;
				CLANG_WARN_SUSPICIOUS_MOVE = YES;
				CLANG_WARN_UNREACHABLE_CODE = YES;
				CLANG_WARN__DUPLICATE_METHOD_MATCH = YES;
				CODE_SIGN_IDENTITY = "iPhone Developer";
				CODE_SIGN_STYLE = Automatic;
				COPY_PHASE_STRIP = NO;
				DEBUG_INFORMATION_FORMAT = "dwarf-with-dsym";
				ENABLE_NS_ASSERTIONS = NO;
				ENABLE_STRICT_OBJC_MSGSEND = YES;
				FRAMEWORK_SEARCH_PATHS = Carthage/Build/iOS;
				GCC_C_LANGUAGE_STANDARD = gnu99;
				GCC_NO_COMMON_BLOCKS = YES;
				GCC_WARN_64_TO_32_BIT_CONVERSION = YES;
				GCC_WARN_ABOUT_RETURN_TYPE = YES_ERROR;
				GCC_WARN_UNDECLARED_SELECTOR = YES;
				GCC_WARN_UNINITIALIZED_AUTOS = YES_AGGRESSIVE;
				GCC_WARN_UNUSED_FUNCTION = YES;
				GCC_WARN_UNUSED_VARIABLE = YES;
				IPHONEOS_DEPLOYMENT_TARGET = 8.1;
				MTL_ENABLE_DEBUG_INFO = NO;
				SDKROOT = iphoneos;
				SWIFT_OBJC_BRIDGING_HEADER = "FreeOTP/FreeOTP-Bridging-Header.h";
				SWIFT_OPTIMIZATION_LEVEL = "-Owholemodule";
				TARGETED_DEVICE_FAMILY = "1,2";
				VALIDATE_PRODUCT = YES;
			};
			name = Release;
		};
		F10D88E91B56A3C500482D15 /* Debug */ = {
			isa = XCBuildConfiguration;
			buildSettings = {
				ASSETCATALOG_COMPILER_APPICON_NAME = AppIcon;
				"CODE_SIGN_IDENTITY[sdk=iphoneos*]" = "iPhone Developer";
				CODE_SIGN_STYLE = Automatic;
				INFOPLIST_FILE = FreeOTP/Info.plist;
				LD_RUNPATH_SEARCH_PATHS = "$(inherited) @executable_path/Frameworks";
				PRODUCT_BUNDLE_IDENTIFIER = org.fedorahosted.freeotp;
				PRODUCT_NAME = "$(TARGET_NAME)";
				SWIFT_SWIFT3_OBJC_INFERENCE = Default;
				SWIFT_VERSION = 4.0;
			};
			name = Debug;
		};
		F10D88EA1B56A3C500482D15 /* Release */ = {
			isa = XCBuildConfiguration;
			buildSettings = {
				ASSETCATALOG_COMPILER_APPICON_NAME = AppIcon;
				"CODE_SIGN_IDENTITY[sdk=iphoneos*]" = "iPhone Developer";
				CODE_SIGN_STYLE = Automatic;
				INFOPLIST_FILE = FreeOTP/Info.plist;
				LD_RUNPATH_SEARCH_PATHS = "$(inherited) @executable_path/Frameworks";
				PRODUCT_BUNDLE_IDENTIFIER = org.fedorahosted.freeotp;
				PRODUCT_NAME = "$(TARGET_NAME)";
				SWIFT_SWIFT3_OBJC_INFERENCE = Default;
				SWIFT_VERSION = 4.0;
			};
			name = Release;
		};
		F10D88EC1B56A3C500482D15 /* Debug */ = {
			isa = XCBuildConfiguration;
			buildSettings = {
				BUNDLE_LOADER = "$(TEST_HOST)";
				CLANG_ENABLE_MODULES = YES;
				INFOPLIST_FILE = FreeOTPTests/Info.plist;
				LD_RUNPATH_SEARCH_PATHS = "$(inherited) @executable_path/Frameworks @loader_path/Frameworks";
				PRODUCT_BUNDLE_IDENTIFIER = org.fedorahosted.FreeOTPTests;
				PRODUCT_NAME = "$(TARGET_NAME)";
				SWIFT_OBJC_BRIDGING_HEADER = "FreeOTPTests/FreeOTPTests-Bridging-Header.h";
				SWIFT_OPTIMIZATION_LEVEL = "-Onone";
				SWIFT_SWIFT3_OBJC_INFERENCE = Default;
				SWIFT_VERSION = 4.0;
				TEST_HOST = "$(BUILT_PRODUCTS_DIR)/FreeOTP.app/FreeOTP";
			};
			name = Debug;
		};
		F10D88ED1B56A3C500482D15 /* Release */ = {
			isa = XCBuildConfiguration;
			buildSettings = {
				BUNDLE_LOADER = "$(TEST_HOST)";
				CLANG_ENABLE_MODULES = YES;
				INFOPLIST_FILE = FreeOTPTests/Info.plist;
				LD_RUNPATH_SEARCH_PATHS = "$(inherited) @executable_path/Frameworks @loader_path/Frameworks";
				PRODUCT_BUNDLE_IDENTIFIER = org.fedorahosted.FreeOTPTests;
				PRODUCT_NAME = "$(TARGET_NAME)";
				SWIFT_OBJC_BRIDGING_HEADER = "FreeOTPTests/FreeOTPTests-Bridging-Header.h";
				SWIFT_SWIFT3_OBJC_INFERENCE = Default;
				SWIFT_VERSION = 4.0;
				TEST_HOST = "$(BUILT_PRODUCTS_DIR)/FreeOTP.app/FreeOTP";
			};
			name = Release;
		};
/* End XCBuildConfiguration section */

/* Begin XCConfigurationList section */
		F10D88BB1B56A3C400482D15 /* Build configuration list for PBXProject "FreeOTP" */ = {
			isa = XCConfigurationList;
			buildConfigurations = (
				F10D88E61B56A3C500482D15 /* Debug */,
				F10D88E71B56A3C500482D15 /* Release */,
			);
			defaultConfigurationIsVisible = 0;
			defaultConfigurationName = Release;
		};
		F10D88E81B56A3C500482D15 /* Build configuration list for PBXNativeTarget "FreeOTP" */ = {
			isa = XCConfigurationList;
			buildConfigurations = (
				F10D88E91B56A3C500482D15 /* Debug */,
				F10D88EA1B56A3C500482D15 /* Release */,
			);
			defaultConfigurationIsVisible = 0;
			defaultConfigurationName = Release;
		};
		F10D88EB1B56A3C500482D15 /* Build configuration list for PBXNativeTarget "FreeOTPTests" */ = {
			isa = XCConfigurationList;
			buildConfigurations = (
				F10D88EC1B56A3C500482D15 /* Debug */,
				F10D88ED1B56A3C500482D15 /* Release */,
			);
			defaultConfigurationIsVisible = 0;
			defaultConfigurationName = Release;
		};
/* End XCConfigurationList section */
	};
	rootObject = F10D88B81B56A3C400482D15 /* Project object */;
}
